
Microsoft Visual Studio Solution File, Format Version 12.00
# Visual Studio Version 17
VisualStudioVersion = 17.0.31903.59
MinimumVisualStudioVersion = 10.0.40219.1
Project("{2150E333-8FDC-42A3-9474-1A3956D46DE8}") = "Hosts", "Hosts", "{B694AB23-8982-4D24-B83C-CBB379697B17}"
EndProject
Project("{2150E333-8FDC-42A3-9474-1A3956D46DE8}") = "BuildingBlocks", "BuildingBlocks", "{1AB1DDF1-DF69-44F0-A390-FF2815849C28}"
EndProject
Project("{2150E333-8FDC-42A3-9474-1A3956D46DE8}") = "Modules", "Modules", "{52D5D294-9DA9-4E4A-8B90-C2A26F82CA3F}"
EndProject
Project("{9A19103F-16F7-4668-BE54-9A1E7A4F7556}") = "Modulith.Infrastructure", "src\Modulith.Infrastructure\Modulith.Infrastructure.csproj", "{266434EF-0193-489F-ADA9-1EAE7ED779EF}"
EndProject
Project("{9A19103F-16F7-4668-BE54-9A1E7A4F7556}") = "Modulith.Persistence", "src\Modulith.Persistence\Modulith.Persistence.csproj", "{906CC6D4-C42D-4E3B-9094-22887E2C508A}"
EndProject
Project("{9A19103F-16F7-4668-BE54-9A1E7A4F7556}") = "Modulith.WebApi", "src\Modulith.WebApi\Modulith.WebApi.csproj", "{9B3CF4D9-D2C4-4315-B128-9B82F825CF92}"
EndProject
Project("{2150E333-8FDC-42A3-9474-1A3956D46DE8}") = "Product", "Product", "{C7E850E2-7943-489B-8ED5-F6A4B6729688}"
EndProject
Project("{2150E333-8FDC-42A3-9474-1A3956D46DE8}") = "Basket", "Basket", "{D3CDC0E7-5E61-46EA-8927-BAF5BFDBCD78}"
EndProject
Project("{2150E333-8FDC-42A3-9474-1A3956D46DE8}") = "Order", "Order", "{5F67E5E1-2454-4BAD-92B7-6623233D9566}"
EndProject
Project("{2150E333-8FDC-42A3-9474-1A3956D46DE8}") = "User", "User", "{664E9F04-8FB5-4B79-9757-75C27543652A}"
EndProject
Project("{2150E333-8FDC-42A3-9474-1A3956D46DE8}") = "Solution Items", "Solution Items", "{5D02A756-8204-40B8-93BA-0545EB5D94DE}"
	ProjectSection(SolutionItems) = preProject
		.editorconfig = .editorconfig
		Directory.Build.props = Directory.Build.props
		Directory.Packages.props = Directory.Packages.props
	EndProjectSection
EndProject
Project("{9A19103F-16F7-4668-BE54-9A1E7A4F7556}") = "Modulith.Modules.Products", "src\Modulith.Modules.Products\Modulith.Modules.Products.csproj", "{D9EA661B-D0D0-42E4-AD59-D82DDC0932C5}"
EndProject
Project("{9A19103F-16F7-4668-BE54-9A1E7A4F7556}") = "Modulith.Modules.Baskets", "src\Modulith.Modules.Baskets\Modulith.Modules.Baskets.csproj", "{B0EA586A-0CE7-439F-BEB3-1439833AF1D2}"
EndProject
Project("{9A19103F-16F7-4668-BE54-9A1E7A4F7556}") = "Modulith.Modules.Baskets.Contracts", "src\Modulith.Modules.Baskets.Contracts\Modulith.Modules.Baskets.Contracts.csproj", "{7C3E892E-DDE1-4A58-908D-9D77B70CA97C}"
EndProject
Project("{9A19103F-16F7-4668-BE54-9A1E7A4F7556}") = "Modulith.Modules.Orders", "src\Modulith.Modules.Orders\Modulith.Modules.Orders.csproj", "{5D823D3D-6E1C-40DE-AE76-32C4D44239A7}"
EndProject
Project("{9A19103F-16F7-4668-BE54-9A1E7A4F7556}") = "Modulith.Modules.Orders.Contracts", "src\Modulith.Modules.Orders.Contracts\Modulith.Modules.Orders.Contracts.csproj", "{3E205806-CEA2-4250-974A-02125EB3D82F}"
EndProject
Project("{9A19103F-16F7-4668-BE54-9A1E7A4F7556}") = "Modulith.Modules.Users", "src\Modulith.Modules.Users\Modulith.Modules.Users.csproj", "{CC5D0F7B-02D8-4ECD-82F6-25A1F8955990}"
EndProject
Project("{9A19103F-16F7-4668-BE54-9A1E7A4F7556}") = "Modulith.Modules.Users.Contracts", "src\Modulith.Modules.Users.Contracts\Modulith.Modules.Users.Contracts.csproj", "{4D560308-CE99-4D68-9DEB-455194241561}"
EndProject
Project("{9A19103F-16F7-4668-BE54-9A1E7A4F7556}") = "Modulith.SharedKernel", "src\Modulith.SharedKernel\Modulith.SharedKernel.csproj", "{9803DFE8-6BEE-4960-B71B-B428DE9842B3}"
EndProject
Project("{FAE04EC0-301F-11D3-BF4B-00C04F79EFBC}") = "Modulith.Modules.Products.UnitTests", "tests\Modulith.Modules.Products.UnitTests\Modulith.Modules.Products.UnitTests.csproj", "{58BF8341-5507-4833-8991-79AFC06DF91E}"
EndProject
Project("{FAE04EC0-301F-11D3-BF4B-00C04F79EFBC}") = "Modulith.Modules.Products.IntegrationTests", "tests\Modulith.Modules.Products.IntegrationTests\Modulith.Modules.Products.IntegrationTests.csproj", "{6BC5893B-431D-4931-8BAC-00D611FA43DC}"
EndProject
Global
	GlobalSection(SolutionConfigurationPlatforms) = preSolution
		Debug|Any CPU = Debug|Any CPU
		Release|Any CPU = Release|Any CPU
	EndGlobalSection
	GlobalSection(ProjectConfigurationPlatforms) = postSolution
		{266434EF-0193-489F-ADA9-1EAE7ED779EF}.Debug|Any CPU.ActiveCfg = Debug|Any CPU
		{266434EF-0193-489F-ADA9-1EAE7ED779EF}.Debug|Any CPU.Build.0 = Debug|Any CPU
		{266434EF-0193-489F-ADA9-1EAE7ED779EF}.Release|Any CPU.ActiveCfg = Release|Any CPU
		{266434EF-0193-489F-ADA9-1EAE7ED779EF}.Release|Any CPU.Build.0 = Release|Any CPU
		{906CC6D4-C42D-4E3B-9094-22887E2C508A}.Debug|Any CPU.ActiveCfg = Debug|Any CPU
		{906CC6D4-C42D-4E3B-9094-22887E2C508A}.Debug|Any CPU.Build.0 = Debug|Any CPU
		{906CC6D4-C42D-4E3B-9094-22887E2C508A}.Release|Any CPU.ActiveCfg = Release|Any CPU
		{906CC6D4-C42D-4E3B-9094-22887E2C508A}.Release|Any CPU.Build.0 = Release|Any CPU
		{9B3CF4D9-D2C4-4315-B128-9B82F825CF92}.Debug|Any CPU.ActiveCfg = Debug|Any CPU
		{9B3CF4D9-D2C4-4315-B128-9B82F825CF92}.Debug|Any CPU.Build.0 = Debug|Any CPU
		{9B3CF4D9-D2C4-4315-B128-9B82F825CF92}.Release|Any CPU.ActiveCfg = Release|Any CPU
		{9B3CF4D9-D2C4-4315-B128-9B82F825CF92}.Release|Any CPU.Build.0 = Release|Any CPU
		{D9EA661B-D0D0-42E4-AD59-D82DDC0932C5}.Debug|Any CPU.ActiveCfg = Debug|Any CPU
		{D9EA661B-D0D0-42E4-AD59-D82DDC0932C5}.Debug|Any CPU.Build.0 = Debug|Any CPU
		{D9EA661B-D0D0-42E4-AD59-D82DDC0932C5}.Release|Any CPU.ActiveCfg = Release|Any CPU
		{D9EA661B-D0D0-42E4-AD59-D82DDC0932C5}.Release|Any CPU.Build.0 = Release|Any CPU
		{B0EA586A-0CE7-439F-BEB3-1439833AF1D2}.Debug|Any CPU.ActiveCfg = Debug|Any CPU
		{B0EA586A-0CE7-439F-BEB3-1439833AF1D2}.Debug|Any CPU.Build.0 = Debug|Any CPU
		{B0EA586A-0CE7-439F-BEB3-1439833AF1D2}.Release|Any CPU.ActiveCfg = Release|Any CPU
		{B0EA586A-0CE7-439F-BEB3-1439833AF1D2}.Release|Any CPU.Build.0 = Release|Any CPU
		{7C3E892E-DDE1-4A58-908D-9D77B70CA97C}.Debug|Any CPU.ActiveCfg = Debug|Any CPU
		{7C3E892E-DDE1-4A58-908D-9D77B70CA97C}.Debug|Any CPU.Build.0 = Debug|Any CPU
		{7C3E892E-DDE1-4A58-908D-9D77B70CA97C}.Release|Any CPU.ActiveCfg = Release|Any CPU
		{7C3E892E-DDE1-4A58-908D-9D77B70CA97C}.Release|Any CPU.Build.0 = Release|Any CPU
		{5D823D3D-6E1C-40DE-AE76-32C4D44239A7}.Debug|Any CPU.ActiveCfg = Debug|Any CPU
		{5D823D3D-6E1C-40DE-AE76-32C4D44239A7}.Debug|Any CPU.Build.0 = Debug|Any CPU
		{5D823D3D-6E1C-40DE-AE76-32C4D44239A7}.Release|Any CPU.ActiveCfg = Release|Any CPU
		{5D823D3D-6E1C-40DE-AE76-32C4D44239A7}.Release|Any CPU.Build.0 = Release|Any CPU
		{3E205806-CEA2-4250-974A-02125EB3D82F}.Debug|Any CPU.ActiveCfg = Debug|Any CPU
		{3E205806-CEA2-4250-974A-02125EB3D82F}.Debug|Any CPU.Build.0 = Debug|Any CPU
		{3E205806-CEA2-4250-974A-02125EB3D82F}.Release|Any CPU.ActiveCfg = Release|Any CPU
		{3E205806-CEA2-4250-974A-02125EB3D82F}.Release|Any CPU.Build.0 = Release|Any CPU
		{CC5D0F7B-02D8-4ECD-82F6-25A1F8955990}.Debug|Any CPU.ActiveCfg = Debug|Any CPU
		{CC5D0F7B-02D8-4ECD-82F6-25A1F8955990}.Debug|Any CPU.Build.0 = Debug|Any CPU
		{CC5D0F7B-02D8-4ECD-82F6-25A1F8955990}.Release|Any CPU.ActiveCfg = Release|Any CPU
		{CC5D0F7B-02D8-4ECD-82F6-25A1F8955990}.Release|Any CPU.Build.0 = Release|Any CPU
		{4D560308-CE99-4D68-9DEB-455194241561}.Debug|Any CPU.ActiveCfg = Debug|Any CPU
		{4D560308-CE99-4D68-9DEB-455194241561}.Debug|Any CPU.Build.0 = Debug|Any CPU
		{4D560308-CE99-4D68-9DEB-455194241561}.Release|Any CPU.ActiveCfg = Release|Any CPU
		{4D560308-CE99-4D68-9DEB-455194241561}.Release|Any CPU.Build.0 = Release|Any CPU
		{9803DFE8-6BEE-4960-B71B-B428DE9842B3}.Debug|Any CPU.ActiveCfg = Debug|Any CPU
		{9803DFE8-6BEE-4960-B71B-B428DE9842B3}.Debug|Any CPU.Build.0 = Debug|Any CPU
		{9803DFE8-6BEE-4960-B71B-B428DE9842B3}.Release|Any CPU.ActiveCfg = Release|Any CPU
		{9803DFE8-6BEE-4960-B71B-B428DE9842B3}.Release|Any CPU.Build.0 = Release|Any CPU
		{58BF8341-5507-4833-8991-79AFC06DF91E}.Debug|Any CPU.ActiveCfg = Debug|Any CPU
		{58BF8341-5507-4833-8991-79AFC06DF91E}.Debug|Any CPU.Build.0 = Debug|Any CPU
		{58BF8341-5507-4833-8991-79AFC06DF91E}.Release|Any CPU.ActiveCfg = Release|Any CPU
		{58BF8341-5507-4833-8991-79AFC06DF91E}.Release|Any CPU.Build.0 = Release|Any CPU
		{6BC5893B-431D-4931-8BAC-00D611FA43DC}.Debug|Any CPU.ActiveCfg = Debug|Any CPU
		{6BC5893B-431D-4931-8BAC-00D611FA43DC}.Debug|Any CPU.Build.0 = Debug|Any CPU
		{6BC5893B-431D-4931-8BAC-00D611FA43DC}.Release|Any CPU.ActiveCfg = Release|Any CPU
		{6BC5893B-431D-4931-8BAC-00D611FA43DC}.Release|Any CPU.Build.0 = Release|Any CPU
	EndGlobalSection
	GlobalSection(SolutionProperties) = preSolution
		HideSolutionNode = FALSE
	EndGlobalSection
	GlobalSection(NestedProjects) = preSolution
		{266434EF-0193-489F-ADA9-1EAE7ED779EF} = {1AB1DDF1-DF69-44F0-A390-FF2815849C28}
		{906CC6D4-C42D-4E3B-9094-22887E2C508A} = {1AB1DDF1-DF69-44F0-A390-FF2815849C28}
		{9B3CF4D9-D2C4-4315-B128-9B82F825CF92} = {B694AB23-8982-4D24-B83C-CBB379697B17}
		{C7E850E2-7943-489B-8ED5-F6A4B6729688} = {52D5D294-9DA9-4E4A-8B90-C2A26F82CA3F}
		{D3CDC0E7-5E61-46EA-8927-BAF5BFDBCD78} = {52D5D294-9DA9-4E4A-8B90-C2A26F82CA3F}
		{5F67E5E1-2454-4BAD-92B7-6623233D9566} = {52D5D294-9DA9-4E4A-8B90-C2A26F82CA3F}
		{664E9F04-8FB5-4B79-9757-75C27543652A} = {52D5D294-9DA9-4E4A-8B90-C2A26F82CA3F}
		{D9EA661B-D0D0-42E4-AD59-D82DDC0932C5} = {C7E850E2-7943-489B-8ED5-F6A4B6729688}
		{B0EA586A-0CE7-439F-BEB3-1439833AF1D2} = {D3CDC0E7-5E61-46EA-8927-BAF5BFDBCD78}
		{7C3E892E-DDE1-4A58-908D-9D77B70CA97C} = {D3CDC0E7-5E61-46EA-8927-BAF5BFDBCD78}
		{5D823D3D-6E1C-40DE-AE76-32C4D44239A7} = {5F67E5E1-2454-4BAD-92B7-6623233D9566}
		{3E205806-CEA2-4250-974A-02125EB3D82F} = {5F67E5E1-2454-4BAD-92B7-6623233D9566}
		{CC5D0F7B-02D8-4ECD-82F6-25A1F8955990} = {664E9F04-8FB5-4B79-9757-75C27543652A}
		{4D560308-CE99-4D68-9DEB-455194241561} = {664E9F04-8FB5-4B79-9757-75C27543652A}
		{9803DFE8-6BEE-4960-B71B-B428DE9842B3} = {1AB1DDF1-DF69-44F0-A390-FF2815849C28}
		{58BF8341-5507-4833-8991-79AFC06DF91E} = {C7E850E2-7943-489B-8ED5-F6A4B6729688}
		{6BC5893B-431D-4931-8BAC-00D611FA43DC} = {C7E850E2-7943-489B-8ED5-F6A4B6729688}
	EndGlobalSection
	GlobalSection(ExtensibilityGlobals) = postSolution
		SolutionGuid = {BE4E4FC4-F83D-4F05-A662-A81EF090DF78}
	EndGlobalSection
EndGlobal
